// !$*UTF8*$!
{
	archiveVersion = 1;
	classes = {
	};
	objectVersion = 46;
	objects = {

/* Begin PBXBuildFile section */
		4D08998F1E712B7D00D1261C /* main.m in Sources */ = {isa = PBXBuildFile; fileRef = 4D08998E1E712B7D00D1261C /* main.m */; };
		4D0899921E712B7E00D1261C /* AppDelegate.m in Sources */ = {isa = PBXBuildFile; fileRef = 4D0899911E712B7E00D1261C /* AppDelegate.m */; };
		4D0899951E712B7E00D1261C /* ViewController.m in Sources */ = {isa = PBXBuildFile; fileRef = 4D0899941E712B7E00D1261C /* ViewController.m */; };
		4D0899981E712B7E00D1261C /* Main.storyboard in Resources */ = {isa = PBXBuildFile; fileRef = 4D0899961E712B7E00D1261C /* Main.storyboard */; };
		4D08999A1E712B7E00D1261C /* Assets.xcassets in Resources */ = {isa = PBXBuildFile; fileRef = 4D0899991E712B7E00D1261C /* Assets.xcassets */; };
		4D08999D1E712B7E00D1261C /* LaunchScreen.storyboard in Resources */ = {isa = PBXBuildFile; fileRef = 4D08999B1E712B7E00D1261C /* LaunchScreen.storyboard */; };
		4D13CF2B1E766B6F00365DA6 /* Common.pbobjc.m in Sources */ = {isa = PBXBuildFile; fileRef = 4D13CF2A1E766B6F00365DA6 /* Common.pbobjc.m */; settings = {COMPILER_FLAGS = "-fno-objc-arc"; }; };
		4D2E26D21E7FD0180094263E /* SILManager.m in Sources */ = {isa = PBXBuildFile; fileRef = 4D2E26CB1E7FD0180094263E /* SILManager.m */; };
		4D2E26D31E7FD0180094263E /* SILManager+Sample.m in Sources */ = {isa = PBXBuildFile; fileRef = 4D2E26CD1E7FD0180094263E /* SILManager+Sample.m */; };
		4D2E26D41E7FD0180094263E /* SILRequester.m in Sources */ = {isa = PBXBuildFile; fileRef = 4D2E26CF1E7FD0180094263E /* SILRequester.m */; };
		4D2E26D51E7FD0180094263E /* SILDataParser.m in Sources */ = {isa = PBXBuildFile; fileRef = 4D2E26D11E7FD0180094263E /* SILDataParser.m */; };
		5FF9540782F41C38F2E7206E /* libPods-SilverAFProtobuffer.a in Frameworks */ = {isa = PBXBuildFile; fileRef = 6657BEEDD0FAC8003710282A /* libPods-SilverAFProtobuffer.a */; };
/* End PBXBuildFile section */

/* Begin PBXFileReference section */
		4D08998A1E712B7D00D1261C /* SilverAFProtobuffer.app */ = {isa = PBXFileReference; explicitFileType = wrapper.application; includeInIndex = 0; path = SilverAFProtobuffer.app; sourceTree = BUILT_PRODUCTS_DIR; };
		4D08998E1E712B7D00D1261C /* main.m */ = {isa = PBXFileReference; lastKnownFileType = sourcecode.c.objc; path = main.m; sourceTree = "<group>"; };
		4D0899901E712B7E00D1261C /* AppDelegate.h */ = {isa = PBXFileReference; lastKnownFileType = sourcecode.c.h; path = AppDelegate.h; sourceTree = "<group>"; };
		4D0899911E712B7E00D1261C /* AppDelegate.m */ = {isa = PBXFileReference; lastKnownFileType = sourcecode.c.objc; path = AppDelegate.m; sourceTree = "<group>"; };
		4D0899931E712B7E00D1261C /* ViewController.h */ = {isa = PBXFileReference; lastKnownFileType = sourcecode.c.h; path = ViewController.h; sourceTree = "<group>"; };
		4D0899941E712B7E00D1261C /* ViewController.m */ = {isa = PBXFileReference; lastKnownFileType = sourcecode.c.objc; path = ViewController.m; sourceTree = "<group>"; };
		4D0899971E712B7E00D1261C /* Base */ = {isa = PBXFileReference; lastKnownFileType = file.storyboard; name = Base; path = Base.lproj/Main.storyboard; sourceTree = "<group>"; };
		4D0899991E712B7E00D1261C /* Assets.xcassets */ = {isa = PBXFileReference; lastKnownFileType = folder.assetcatalog; path = Assets.xcassets; sourceTree = "<group>"; };
		4D08999C1E712B7E00D1261C /* Base */ = {isa = PBXFileReference; lastKnownFileType = file.storyboard; name = Base; path = Base.lproj/LaunchScreen.storyboard; sourceTree = "<group>"; };
		4D08999E1E712B7E00D1261C /* Info.plist */ = {isa = PBXFileReference; lastKnownFileType = text.plist.xml; path = Info.plist; sourceTree = "<group>"; };
		4D13CF291E766B6F00365DA6 /* Common.pbobjc.h */ = {isa = PBXFileReference; fileEncoding = 4; lastKnownFileType = sourcecode.c.h; path = Common.pbobjc.h; sourceTree = "<group>"; };
		4D13CF2A1E766B6F00365DA6 /* Common.pbobjc.m */ = {isa = PBXFileReference; fileEncoding = 4; lastKnownFileType = sourcecode.c.objc; path = Common.pbobjc.m; sourceTree = "<group>"; };
		4D2E26C81E7FD0180094263E /* SILProtobuffer.h */ = {isa = PBXFileReference; fileEncoding = 4; lastKnownFileType = sourcecode.c.h; path = SILProtobuffer.h; sourceTree = "<group>"; };
		4D2E26C91E7FD0180094263E /* SILAPI.h */ = {isa = PBXFileReference; fileEncoding = 4; lastKnownFileType = sourcecode.c.h; path = SILAPI.h; sourceTree = "<group>"; };
		4D2E26CA1E7FD0180094263E /* SILManager.h */ = {isa = PBXFileReference; fileEncoding = 4; lastKnownFileType = sourcecode.c.h; path = SILManager.h; sourceTree = "<group>"; };
		4D2E26CB1E7FD0180094263E /* SILManager.m */ = {isa = PBXFileReference; fileEncoding = 4; lastKnownFileType = sourcecode.c.objc; path = SILManager.m; sourceTree = "<group>"; };
		4D2E26CC1E7FD0180094263E /* SILManager+Sample.h */ = {isa = PBXFileReference; fileEncoding = 4; lastKnownFileType = sourcecode.c.h; path = "SILManager+Sample.h"; sourceTree = "<group>"; };
		4D2E26CD1E7FD0180094263E /* SILManager+Sample.m */ = {isa = PBXFileReference; fileEncoding = 4; lastKnownFileType = sourcecode.c.objc; path = "SILManager+Sample.m"; sourceTree = "<group>"; };
		4D2E26CE1E7FD0180094263E /* SILRequester.h */ = {isa = PBXFileReference; fileEncoding = 4; lastKnownFileType = sourcecode.c.h; path = SILRequester.h; sourceTree = "<group>"; };
		4D2E26CF1E7FD0180094263E /* SILRequester.m */ = {isa = PBXFileReference; fileEncoding = 4; lastKnownFileType = sourcecode.c.objc; path = SILRequester.m; sourceTree = "<group>"; };
		4D2E26D01E7FD0180094263E /* SILDataParser.h */ = {isa = PBXFileReference; fileEncoding = 4; lastKnownFileType = sourcecode.c.h; path = SILDataParser.h; sourceTree = "<group>"; };
		4D2E26D11E7FD0180094263E /* SILDataParser.m */ = {isa = PBXFileReference; fileEncoding = 4; lastKnownFileType = sourcecode.c.objc; path = SILDataParser.m; sourceTree = "<group>"; };
		6657BEEDD0FAC8003710282A /* libPods-SilverAFProtobuffer.a */ = {isa = PBXFileReference; explicitFileType = archive.ar; includeInIndex = 0; path = "libPods-SilverAFProtobuffer.a"; sourceTree = BUILT_PRODUCTS_DIR; };
		E0128CDDBC69FAC2D6F92E77 /* Pods-SilverAFProtobuffer.debug.xcconfig */ = {isa = PBXFileReference; includeInIndex = 1; lastKnownFileType = text.xcconfig; name = "Pods-SilverAFProtobuffer.debug.xcconfig"; path = "Pods/Target Support Files/Pods-SilverAFProtobuffer/Pods-SilverAFProtobuffer.debug.xcconfig"; sourceTree = "<group>"; };
		E7C1C10182C9791C4301DA77 /* Pods-SilverAFProtobuffer.release.xcconfig */ = {isa = PBXFileReference; includeInIndex = 1; lastKnownFileType = text.xcconfig; name = "Pods-SilverAFProtobuffer.release.xcconfig"; path = "Pods/Target Support Files/Pods-SilverAFProtobuffer/Pods-SilverAFProtobuffer.release.xcconfig"; sourceTree = "<group>"; };
/* End PBXFileReference section */

/* Begin PBXFrameworksBuildPhase section */
		4D0899871E712B7D00D1261C /* Frameworks */ = {
			isa = PBXFrameworksBuildPhase;
			buildActionMask = 2147483647;
			files = (
				5FF9540782F41C38F2E7206E /* libPods-SilverAFProtobuffer.a in Frameworks */,
			);
			runOnlyForDeploymentPostprocessing = 0;
		};
/* End PBXFrameworksBuildPhase section */

/* Begin PBXGroup section */
		0E8432604C64AA9B2DFC5F30 /* Pods */ = {
			isa = PBXGroup;
			children = (
				E0128CDDBC69FAC2D6F92E77 /* Pods-SilverAFProtobuffer.debug.xcconfig */,
				E7C1C10182C9791C4301DA77 /* Pods-SilverAFProtobuffer.release.xcconfig */,
			);
			name = Pods;
			sourceTree = "<group>";
		};
		4D0899811E712B7D00D1261C = {
			isa = PBXGroup;
			children = (
				4D08998C1E712B7D00D1261C /* SilverAFProtobuffer */,
				4D08998B1E712B7D00D1261C /* Products */,
				0E8432604C64AA9B2DFC5F30 /* Pods */,
				DD59B09DAE2F8EFA33C00C84 /* Frameworks */,
			);
			sourceTree = "<group>";
		};
		4D08998B1E712B7D00D1261C /* Products */ = {
			isa = PBXGroup;
			children = (
				4D08998A1E712B7D00D1261C /* SilverAFProtobuffer.app */,
			);
			name = Products;
			sourceTree = "<group>";
		};
		4D08998C1E712B7D00D1261C /* SilverAFProtobuffer */ = {
			isa = PBXGroup;
			children = (
				4D2E26B91E7FCB950094263E /* SilverProtobuffer */,
				4D0899901E712B7E00D1261C /* AppDelegate.h */,
				4D0899911E712B7E00D1261C /* AppDelegate.m */,
				4D0899931E712B7E00D1261C /* ViewController.h */,
				4D0899941E712B7E00D1261C /* ViewController.m */,
				4D13CF291E766B6F00365DA6 /* Common.pbobjc.h */,
				4D13CF2A1E766B6F00365DA6 /* Common.pbobjc.m */,
				4D0899961E712B7E00D1261C /* Main.storyboard */,
				4D0899991E712B7E00D1261C /* Assets.xcassets */,
				4D08999B1E712B7E00D1261C /* LaunchScreen.storyboard */,
				4D08999E1E712B7E00D1261C /* Info.plist */,
				4D08998D1E712B7D00D1261C /* Supporting Files */,
			);
			path = SilverAFProtobuffer;
			sourceTree = "<group>";
		};
		4D08998D1E712B7D00D1261C /* Supporting Files */ = {
			isa = PBXGroup;
			children = (
				4D08998E1E712B7D00D1261C /* main.m */,
			);
			name = "Supporting Files";
			sourceTree = "<group>";
		};
		4D2E26B91E7FCB950094263E /* SilverProtobuffer */ = {
			isa = PBXGroup;
			children = (
				4D2E26C81E7FD0180094263E /* SILProtobuffer.h */,
				4D2E26C91E7FD0180094263E /* SILAPI.h */,
				4D2E26CA1E7FD0180094263E /* SILManager.h */,
				4D2E26CB1E7FD0180094263E /* SILManager.m */,
				4D2E26CC1E7FD0180094263E /* SILManager+Sample.h */,
				4D2E26CD1E7FD0180094263E /* SILManager+Sample.m */,
				4D2E26CE1E7FD0180094263E /* SILRequester.h */,
				4D2E26CF1E7FD0180094263E /* SILRequester.m */,
				4D2E26D01E7FD0180094263E /* SILDataParser.h */,
				4D2E26D11E7FD0180094263E /* SILDataParser.m */,
			);
			name = SilverProtobuffer;
			sourceTree = "<group>";
		};
		DD59B09DAE2F8EFA33C00C84 /* Frameworks */ = {
			isa = PBXGroup;
			children = (
				6657BEEDD0FAC8003710282A /* libPods-SilverAFProtobuffer.a */,
			);
			name = Frameworks;
			sourceTree = "<group>";
		};
/* End PBXGroup section */

/* Begin PBXNativeTarget section */
		4D0899891E712B7D00D1261C /* SilverAFProtobuffer */ = {
			isa = PBXNativeTarget;
			buildConfigurationList = 4D0899A11E712B7E00D1261C /* Build configuration list for PBXNativeTarget "SilverAFProtobuffer" */;
			buildPhases = (
				3FD84391373204FBF2379422 /* [CP] Check Pods Manifest.lock */,
				4D0899861E712B7D00D1261C /* Sources */,
				4D0899871E712B7D00D1261C /* Frameworks */,
				4D0899881E712B7D00D1261C /* Resources */,
				19DF2149253174A56C0272C8 /* [CP] Embed Pods Frameworks */,
				1BE6A17DEBE360C436BE5571 /* [CP] Copy Pods Resources */,
			);
			buildRules = (
			);
			dependencies = (
			);
			name = SilverAFProtobuffer;
			productName = SilverAFProtobuffer;
			productReference = 4D08998A1E712B7D00D1261C /* SilverAFProtobuffer.app */;
			productType = "com.apple.product-type.application";
		};
/* End PBXNativeTarget section */

/* Begin PBXProject section */
		4D0899821E712B7D00D1261C /* Project object */ = {
			isa = PBXProject;
			attributes = {
				LastUpgradeCheck = 0820;
				ORGANIZATIONNAME = silver6wings;
				TargetAttributes = {
					4D0899891E712B7D00D1261C = {
						CreatedOnToolsVersion = 8.2.1;
						ProvisioningStyle = Automatic;
					};
				};
			};
			buildConfigurationList = 4D0899851E712B7D00D1261C /* Build configuration list for PBXProject "SilverAFProtobuffer" */;
			compatibilityVersion = "Xcode 3.2";
			developmentRegion = English;
			hasScannedForEncodings = 0;
			knownRegions = (
				en,
				Base,
			);
			mainGroup = 4D0899811E712B7D00D1261C;
			productRefGroup = 4D08998B1E712B7D00D1261C /* Products */;
			projectDirPath = "";
			projectRoot = "";
			targets = (
				4D0899891E712B7D00D1261C /* SilverAFProtobuffer */,
			);
		};
/* End PBXProject section */

/* Begin PBXResourcesBuildPhase section */
		4D0899881E712B7D00D1261C /* Resources */ = {
			isa = PBXResourcesBuildPhase;
			buildActionMask = 2147483647;
			files = (
				4D08999D1E712B7E00D1261C /* LaunchScreen.storyboard in Resources */,
				4D08999A1E712B7E00D1261C /* Assets.xcassets in Resources */,
				4D0899981E712B7E00D1261C /* Main.storyboard in Resources */,
			);
			runOnlyForDeploymentPostprocessing = 0;
		};
/* End PBXResourcesBuildPhase section */

/* Begin PBXShellScriptBuildPhase section */
		19DF2149253174A56C0272C8 /* [CP] Embed Pods Frameworks */ = {
			isa = PBXShellScriptBuildPhase;
			buildActionMask = 2147483647;
			files = (
			);
			inputPaths = (
			);
			name = "[CP] Embed Pods Frameworks";
			outputPaths = (
			);
			runOnlyForDeploymentPostprocessing = 0;
			shellPath = /bin/sh;
			shellScript = "\"${SRCROOT}/Pods/Target Support Files/Pods-SilverAFProtobuffer/Pods-SilverAFProtobuffer-frameworks.sh\"\n";
			showEnvVarsInLog = 0;
		};
		1BE6A17DEBE360C436BE5571 /* [CP] Copy Pods Resources */ = {
			isa = PBXShellScriptBuildPhase;
			buildActionMask = 2147483647;
			files = (
			);
			inputPaths = (
			);
			name = "[CP] Copy Pods Resources";
			outputPaths = (
			);
			runOnlyForDeploymentPostprocessing = 0;
			shellPath = /bin/sh;
			shellScript = "\"${SRCROOT}/Pods/Target Support Files/Pods-SilverAFProtobuffer/Pods-SilverAFProtobuffer-resources.sh\"\n";
			showEnvVarsInLog = 0;
		};
		3FD84391373204FBF2379422 /* [CP] Check Pods Manifest.lock */ = {
			isa = PBXShellScriptBuildPhase;
			buildActionMask = 2147483647;
			files = (
			);
			inputPaths = (
			);
			name = "[CP] Check Pods Manifest.lock";
			outputPaths = (
			);
			runOnlyForDeploymentPostprocessing = 0;
			shellPath = /bin/sh;
			shellScript = "diff \"${PODS_ROOT}/../Podfile.lock\" \"${PODS_ROOT}/Manifest.lock\" > /dev/null\nif [ $? != 0 ] ; then\n    # print error to STDERR\n    echo \"error: The sandbox is not in sync with the Podfile.lock. Run 'pod install' or update your CocoaPods installation.\" >&2\n    exit 1\nfi\n";
			showEnvVarsInLog = 0;
		};
/* End PBXShellScriptBuildPhase section */

/* Begin PBXSourcesBuildPhase section */
		4D0899861E712B7D00D1261C /* Sources */ = {
			isa = PBXSourcesBuildPhase;
			buildActionMask = 2147483647;
			files = (
				4D2E26D31E7FD0180094263E /* SILManager+Sample.m in Sources */,
				4D2E26D51E7FD0180094263E /* SILDataParser.m in Sources */,
				4D0899951E712B7E00D1261C /* ViewController.m in Sources */,
				4D13CF2B1E766B6F00365DA6 /* Common.pbobjc.m in Sources */,
				4D0899921E712B7E00D1261C /* AppDelegate.m in Sources */,
				4D2E26D41E7FD0180094263E /* SILRequester.m in Sources */,
				4D08998F1E712B7D00D1261C /* main.m in Sources */,
				4D2E26D21E7FD0180094263E /* SILManager.m in Sources */,
			);
			runOnlyForDeploymentPostprocessing = 0;
		};
/* End PBXSourcesBuildPhase section */

/* Begin PBXVariantGroup section */
		4D0899961E712B7E00D1261C /* Main.storyboard */ = {
			isa = PBXVariantGroup;
			children = (
				4D0899971E712B7E00D1261C /* Base */,
			);
			name = Main.storyboard;
			sourceTree = "<group>";
		};
		4D08999B1E712B7E00D1261C /* LaunchScreen.storyboard */ = {
			isa = PBXVariantGroup;
			children = (
				4D08999C1E712B7E00D1261C /* Base */,
			);
			name = LaunchScreen.storyboard;
			sourceTree = "<group>";
		};
/* End PBXVariantGroup section */

/* Begin XCBuildConfiguration section */
		4D08999F1E712B7E00D1261C /* Debug */ = {
			isa = XCBuildConfiguration;
			buildSettings = {
				ALWAYS_SEARCH_USER_PATHS = NO;
				CLANG_ANALYZER_NONNULL = YES;
				CLANG_CXX_LANGUAGE_STANDARD = "gnu++0x";
				CLANG_CXX_LIBRARY = "libc++";
				CLANG_ENABLE_MODULES = YES;
				CLANG_ENABLE_OBJC_ARC = YES;
				CLANG_WARN_BOOL_CONVERSION = YES;
				CLANG_WARN_CONSTANT_CONVERSION = YES;
				CLANG_WARN_DIRECT_OBJC_ISA_USAGE = YES_ERROR;
				CLANG_WARN_DOCUMENTATION_COMMENTS = YES;
				CLANG_WARN_EMPTY_BODY = YES;
				CLANG_WARN_ENUM_CONVERSION = YES;
				CLANG_WARN_INFINITE_RECURSION = YES;
				CLANG_WARN_INT_CONVERSION = YES;
				CLANG_WARN_OBJC_ROOT_CLASS = YES_ERROR;
				CLANG_WARN_SUSPICIOUS_MOVE = YES;
				CLANG_WARN_UNREACHABLE_CODE = YES;
				CLANG_WARN__DUPLICATE_METHOD_MATCH = YES;
				"CODE_SIGN_IDENTITY[sdk=iphoneos*]" = "iPhone Developer";
				COPY_PHASE_STRIP = NO;
				DEBUG_INFORMATION_FORMAT = dwarf;
				ENABLE_STRICT_OBJC_MSGSEND = YES;
				ENABLE_TESTABILITY = YES;
				GCC_C_LANGUAGE_STANDARD = gnu99;
				GCC_DYNAMIC_NO_PIC = NO;
				GCC_NO_COMMON_BLOCKS = YES;
				GCC_OPTIMIZATION_LEVEL = 0;
				GCC_PREPROCESSOR_DEFINITIONS = (
					"DEBUG=1",
					"$(inherited)",
				);
				GCC_WARN_64_TO_32_BIT_CONVERSION = YES;
				GCC_WARN_ABOUT_RETURN_TYPE = YES_ERROR;
				GCC_WARN_UNDECLARED_SELECTOR = YES;
				GCC_WARN_UNINITIALIZED_AUTOS = YES_AGGRESSIVE;
				GCC_WARN_UNUSED_FUNCTION = YES;
				GCC_WARN_UNUSED_VARIABLE = YES;
				IPHONEOS_DEPLOYMENT_TARGET = 10.2;
				MTL_ENABLE_DEBUG_INFO = YES;
				ONLY_ACTIVE_ARCH = YES;
				SDKROOT = iphoneos;
				TARGETED_DEVICE_FAMILY = "1,2";
			};
			name = Debug;
		};
		4D0899A01E712B7E00D1261C /* Release */ = {
			isa = XCBuildConfiguration;
			buildSettings = {
				ALWAYS_SEARCH_USER_PATHS = NO;
				CLANG_ANALYZER_NONNULL = YES;
				CLANG_CXX_LANGUAGE_STANDARD = "gnu++0x";
				CLANG_CXX_LIBRARY = "libc++";
				CLANG_ENABLE_MODULES = YES;
				CLANG_ENABLE_OBJC_ARC = YES;
				CLANG_WARN_BOOL_CONVERSION = YES;
				CLANG_WARN_CONSTANT_CONVERSION = YES;
				CLANG_WARN_DIRECT_OBJC_ISA_USAGE = YES_ERROR;
				CLANG_WARN_DOCUMENTATION_COMMENTS = YES;
				CLANG_WARN_EMPTY_BODY = YES;
				CLANG_WARN_ENUM_CONVERSION = YES;
				CLANG_WARN_INFINITE_RECURSION = YES;
				CLANG_WARN_INT_CONVERSION = YES;
				CLANG_WARN_OBJC_ROOT_CLASS = YES_ERROR;
				CLANG_WARN_SUSPICIOUS_MOVE = YES;
				CLANG_WARN_UNREACHABLE_CODE = YES;
				CLANG_WARN__DUPLICATE_METHOD_MATCH = YES;
				"CODE_SIGN_IDENTITY[sdk=iphoneos*]" = "iPhone Developer";
				COPY_PHASE_STRIP = NO;
				DEBUG_INFORMATION_FORMAT = "dwarf-with-dsym";
				ENABLE_NS_ASSERTIONS = NO;
				ENABLE_STRICT_OBJC_MSGSEND = YES;
				GCC_C_LANGUAGE_STANDARD = gnu99;
				GCC_NO_COMMON_BLOCKS = YES;
				GCC_WARN_64_TO_32_BIT_CONVERSION = YES;
				GCC_WARN_ABOUT_RETURN_TYPE = YES_ERROR;
				GCC_WARN_UNDECLARED_SELECTOR = YES;
				GCC_WARN_UNINITIALIZED_AUTOS = YES_AGGRESSIVE;
				GCC_WARN_UNUSED_FUNCTION = YES;
				GCC_WARN_UNUSED_VARIABLE = YES;
				IPHONEOS_DEPLOYMENT_TARGET = 10.2;
				MTL_ENABLE_DEBUG_INFO = NO;
				SDKROOT = iphoneos;
				TARGETED_DEVICE_FAMILY = "1,2";
				VALIDATE_PRODUCT = YES;
			};
			name = Release;
		};
		4D0899A21E712B7E00D1261C /* Debug */ = {
			isa = XCBuildConfiguration;
			baseConfigurationReference = E0128CDDBC69FAC2D6F92E77 /* Pods-SilverAFProtobuffer.debug.xcconfig */;
			buildSettings = {
				ASSETCATALOG_COMPILER_APPICON_NAME = AppIcon;
				INFOPLIST_FILE = SilverAFProtobuffer/Info.plist;
				LD_RUNPATH_SEARCH_PATHS = "$(inherited) @executable_path/Frameworks";
				PRODUCT_BUNDLE_IDENTIFIER = com.silver6wings.SilverAFProtobuffer;
				PRODUCT_NAME = "$(TARGET_NAME)";
			};
			name = Debug;
		};
		4D0899A31E712B7E00D1261C /* Release */ = {
			isa = XCBuildConfiguration;
			baseConfigurationReference = E7C1C10182C9791C4301DA77 /* Pods-SilverAFProtobuffer.release.xcconfig */;
			buildSettings = {
				ASSETCATALOG_COMPILER_APPICON_NAME = AppIcon;
				INFOPLIST_FILE = SilverAFProtobuffer/Info.plist;
				LD_RUNPATH_SEARCH_PATHS = "$(inherited) @executable_path/Frameworks";
				PRODUCT_BUNDLE_IDENTIFIER = com.silver6wings.SilverAFProtobuffer;
				PRODUCT_NAME = "$(TARGET_NAME)";
			};
			name = Release;
		};
/* End XCBuildConfiguration section */

/* Begin XCConfigurationList section */
		4D0899851E712B7D00D1261C /* Build configuration list for PBXProject "SilverAFProtobuffer" */ = {
			isa = XCConfigurationList;
			buildConfigurations = (
				4D08999F1E712B7E00D1261C /* Debug */,
				4D0899A01E712B7E00D1261C /* Release */,
			);
			defaultConfigurationIsVisible = 0;
			defaultConfigurationName = Release;
		};
		4D0899A11E712B7E00D1261C /* Build configuration list for PBXNativeTarget "SilverAFProtobuffer" */ = {
			isa = XCConfigurationList;
			buildConfigurations = (
				4D0899A21E712B7E00D1261C /* Debug */,
				4D0899A31E712B7E00D1261C /* Release */,
			);
			defaultConfigurationIsVisible = 0;
			defaultConfigurationName = Release;
		};
/* End XCConfigurationList section */
	};
	rootObject = 4D0899821E712B7D00D1261C /* Project object */;
}
